// !$*UTF8*$!
{
	archiveVersion = 1;
	classes = {
	};
	objectVersion = 46;
	objects = {

/* Begin PBXBuildFile section */
		A3B1B8671AAA4C3B001BD9D9 /* main.cpp in Sources */ = {isa = PBXBuildFile; fileRef = A3B1B8661AAA4C3B001BD9D9 /* main.cpp */; };
/* End PBXBuildFile section */

/* Begin PBXCopyFilesBuildPhase section */
		A3B1B8611AAA4C3B001BD9D9 /* CopyFiles */ = {
			isa = PBXCopyFilesBuildPhase;
			buildActionMask = 2147483647;
			dstPath = /usr/share/man/man1/;
			dstSubfolderSpec = 0;
			files = (
			);
			runOnlyForDeploymentPostprocessing = 1;
		};
/* End PBXCopyFilesBuildPhase section */

/* Begin PBXFileReference section */
		A3B1B8631AAA4C3B001BD9D9 /* battleship */ = {isa = PBXFileReference; explicitFileType = "compiled.mach-o.executable"; includeInIndex = 0; path = battleship; sourceTree = BUILT_PRODUCTS_DIR; };
		A3B1B8661AAA4C3B001BD9D9 /* main.cpp */ = {isa = PBXFileReference; lastKnownFileType = sourcecode.cpp.cpp; path = main.cpp; sourceTree = "<group>"; };
/* End PBXFileReference section */

/* Begin PBXFrameworksBuildPhase section */
		A3B1B8601AAA4C3B001BD9D9 /* Frameworks */ = {
			isa = PBXFrameworksBuildPhase;
			buildActionMask = 2147483647;
			files = (
			);
			runOnlyForDeploymentPostprocessing = 0;
		};
/* End PBXFrameworksBuildPhase section */

/* Begin PBXGroup section */
		A3B1B85A1AAA4C3B001BD9D9 = {
			isa = PBXGroup;
			children = (
				A3B1B8651AAA4C3B001BD9D9 /* battleship */,
				A3B1B8641AAA4C3B001BD9D9 /* Products */,
			);
			sourceTree = "<group>";
		};
		A3B1B8641AAA4C3B001BD9D9 /* Products */ = {
			isa = PBXGroup;
			children = (
				A3B1B8631AAA4C3B001BD9D9 /* battleship */,
			);
			name = Products;
			sourceTree = "<group>";
		};
		A3B1B8651AAA4C3B001BD9D9 /* battleship */ = {
			isa = PBXGroup;
			children = (
				A3B1B8661AAA4C3B001BD9D9 /* main.cpp */,
			);
			path = battleship;
			sourceTree = "<group>";
		};
/* End PBXGroup section */

/* Begin PBXNativeTarget section */
		A3B1B8621AAA4C3B001BD9D9 /* battleship */ = {
			isa = PBXNativeTarget;
			buildConfigurationList = A3B1B86A1AAA4C3B001BD9D9 /* Build configuration list for PBXNativeTarget "battleship" */;
			buildPhases = (
				A3B1B85F1AAA4C3B001BD9D9 /* Sources */,
				A3B1B8601AAA4C3B001BD9D9 /* Frameworks */,
				A3B1B8611AAA4C3B001BD9D9 /* CopyFiles */,
			);
			buildRules = (
			);
			dependencies = (
			);
			name = battleship;
			productName = battleship;
			productReference = A3B1B8631AAA4C3B001BD9D9 /* battleship */;
			productType = "com.apple.product-type.tool";
		};
/* End PBXNativeTarget section */

/* Begin PBXProject section */
		A3B1B85B1AAA4C3B001BD9D9 /* Project object */ = {
			isa = PBXProject;
			attributes = {
				LastUpgradeCheck = 0610;
				ORGANIZATIONNAME = "Will Fisher";
				TargetAttributes = {
					A3B1B8621AAA4C3B001BD9D9 = {
						CreatedOnToolsVersion = 6.1.1;
					};
				};
			};
			buildConfigurationList = A3B1B85E1AAA4C3B001BD9D9 /* Build configuration list for PBXProject "battleship" */;
			compatibilityVersion = "Xcode 3.2";
			developmentRegion = English;
			hasScannedForEncodings = 0;
			knownRegions = (
				en,
			);
			mainGroup = A3B1B85A1AAA4C3B001BD9D9;
			productRefGroup = A3B1B8641AAA4C3B001BD9D9 /* Products */;
			projectDirPath = "";
			projectRoot = "";
			targets = (
				A3B1B8621AAA4C3B001BD9D9 /* battleship */,
			);
		};
/* End PBXProject section */

/* Begin PBXSourcesBuildPhase section */
		A3B1B85F1AAA4C3B001BD9D9 /* Sources */ = {
			isa = PBXSourcesBuildPhase;
			buildActionMask = 2147483647;
			files = (
				A3B1B8671AAA4C3B001BD9D9 /* main.cpp in Sources */,
			);
			runOnlyForDeploymentPostprocessing = 0;
		};
/* End PBXSourcesBuildPhase section */

/* Begin XCBuildConfiguration section */
		A3B1B8681AAA4C3B001BD9D9 /* Debug */ = {
			isa = XCBuildConfiguration;
			buildSettings = {
				ALWAYS_SEARCH_USER_PATHS = NO;
				CLANG_CXX_LANGUAGE_STANDARD = "gnu++0x";
				CLANG_CXX_LIBRARY = "libc++";
				CLANG_ENABLE_MODULES = YES;
				CLANG_ENABLE_OBJC_ARC = YES;
				CLANG_WARN_BOOL_CONVERSION = YES;
				CLANG_WARN_CONSTANT_CONVERSION = YES;
				CLANG_WARN_DIRECT_OBJC_ISA_USAGE = YES_ERROR;
				CLANG_WARN_EMPTY_BODY = YES;
				CLANG_WARN_ENUM_CONVERSION = YES;
				CLANG_WARN_INT_CONVERSION = YES;
				CLANG_WARN_OBJC_ROOT_CLASS = YES_ERROR;
				CLANG_WARN_UNREACHABLE_CODE = YES;
				CLANG_WARN__DUPLICATE_METHOD_MATCH = YES;
				COPY_PHASE_STRIP = NO;
				ENABLE_STRICT_OBJC_MSGSEND = YES;
				GCC_C_LANGUAGE_STANDARD = gnu99;
				GCC_DYNAMIC_NO_PIC = NO;
				GCC_OPTIMIZATION_LEVEL = 0;
				GCC_PREPROCESSOR_DEFINITIONS = (
					"DEBUG=1",
					"$(inherited)",
				);
				GCC_SYMBOLS_PRIVATE_EXTERN = NO;
				GCC_WARN_64_TO_32_BIT_CONVERSION = YES;
				GCC_WARN_ABOUT_RETURN_TYPE = YES_ERROR;
				GCC_WARN_UNDECLARED_SELECTOR = YES;
				GCC_WARN_UNINITIALIZED_AUTOS = YES_AGGRESSIVE;
				GCC_WARN_UNUSED_FUNCTION = YES;
				GCC_WARN_UNUSED_VARIABLE = YES;
				MACOSX_DEPLOYMENT_TARGET = 10.10;
				MTL_ENABLE_DEBUG_INFO = YES;
				ONLY_ACTIVE_ARCH = YES;
				SDKROOT = macosx;
			};
			name = Debug;
		};
		A3B1B8691AAA4C3B001BD9D9 /* Release */ = {
			isa = XCBuildConfiguration;
			buildSettings = {
				ALWAYS_SEARCH_USER_PATHS = NO;
				CLANG_CXX_LANGUAGE_STANDARD = "gnu++0x";
				CLANG_CXX_LIBRARY = "libc++";
				CLANG_ENABLE_MODULES = YES;
				CLANG_ENABLE_OBJC_ARC = YES;
				CLANG_WARN_BOOL_CONVERSION = YES;
				CLANG_WARN_CONSTANT_CONVERSION = YES;
				CLANG_WARN_DIRECT_OBJC_ISA_USAGE = YES_ERROR;
				CLANG_WARN_EMPTY_BODY = YES;
				CLANG_WARN_ENUM_CONVERSION = YES;
				CLANG_WARN_INT_CONVERSION = YES;
				CLANG_WARN_OBJC_ROOT_CLASS = YES_ERROR;
				CLANG_WARN_UNREACHABLE_CODE = YES;
				CLANG_WARN__DUPLICATE_METHOD_MATCH = YES;
				COPY_PHASE_STRIP = YES;
				DEBUG_INFORMATION_FORMAT = "dwarf-with-dsym";
				ENABLE_NS_ASSERTIONS = NO;
				ENABLE_STRICT_OBJC_MSGSEND = YES;
				GCC_C_LANGUAGE_STANDARD = gnu99;
				GCC_WARN_64_TO_32_BIT_CONVERSION = YES;
				GCC_WARN_ABOUT_RETURN_TYPE = YES_ERROR;
				GCC_WARN_UNDECLARED_SELECTOR = YES;
				GCC_WARN_UNINITIALIZED_AUTOS = YES_AGGRESSIVE;
				GCC_WARN_UNUSED_FUNCTION = YES;
				GCC_WARN_UNUSED_VARIABLE = YES;
				MACOSX_DEPLOYMENT_TARGET = 10.10;
				MTL_ENABLE_DEBUG_INFO = NO;
				SDKROOT = macosx;
			};
			name = Release;
		};
		A3B1B86B1AAA4C3B001BD9D9 /* Debug */ = {
			isa = XCBuildConfiguration;
			buildSettings = {
				PRODUCT_NAME = "$(TARGET_NAME)";
			};
			name = Debug;
		};
		A3B1B86C1AAA4C3B001BD9D9 /* Release */ = {
			isa = XCBuildConfiguration;
			buildSettings = {
				PRODUCT_NAME = "$(TARGET_NAME)";
			};
			name = Release;
		};
/* End XCBuildConfiguration section */

/* Begin XCConfigurationList section */
		A3B1B85E1AAA4C3B001BD9D9 /* Build configuration list for PBXProject "battleship" */ = {
			isa = XCConfigurationList;
			buildConfigurations = (
				A3B1B8681AAA4C3B001BD9D9 /* Debug */,
				A3B1B8691AAA4C3B001BD9D9 /* Release */,
			);
			defaultConfigurationIsVisible = 0;
			defaultConfigurationName = Release;
		};
		A3B1B86A1AAA4C3B001BD9D9 /* Build configuration list for PBXNativeTarget "battleship" */ = {
			isa = XCConfigurationList;
			buildConfigurations = (
				A3B1B86B1AAA4C3B001BD9D9 /* Debug */,
				A3B1B86C1AAA4C3B001BD9D9 /* Release */,
			);
			defaultConfigurationIsVisible = 0;
		};
/* End XCConfigurationList section */
	};
	rootObject = A3B1B85B1AAA4C3B001BD9D9 /* Project object */;
}
